
Microsoft Visual Studio Solution File, Format Version 12.00
# Visual Studio Version 17
VisualStudioVersion = 17.12.35527.113 d17.12
MinimumVisualStudioVersion = 10.0.40219.1
Project("{FAE04EC0-301F-11D3-BF4B-00C04F79EFBC}") = "FlowMeter", "FlowMeter\FlowMeter.csproj", "{891AC9D7-758B-4B77-98F5-0CB60B563AC4}"
EndProject
Project("{FAE04EC0-301F-11D3-BF4B-00C04F79EFBC}") = "ModbusServer", "ModbusServer\ModbusServer.csproj", "{543B9208-BCE0-441B-9A95-F29DB8809508}"
EndProject
Global
	GlobalSection(SolutionConfigurationPlatforms) = preSolution
		Debug|Any CPU = Debug|Any CPU
		Release|Any CPU = Release|Any CPU
	EndGlobalSection
	GlobalSection(ProjectConfigurationPlatforms) = postSolution
		{891AC9D7-758B-4B77-98F5-0CB60B563AC4}.Debug|Any CPU.ActiveCfg = Debug|Any CPU
		{891AC9D7-758B-4B77-98F5-0CB60B563AC4}.Debug|Any CPU.Build.0 = Debug|Any CPU
		{891AC9D7-758B-4B77-98F5-0CB60B563AC4}.Release|Any CPU.ActiveCfg = Release|Any CPU
		{891AC9D7-758B-4B77-98F5-0CB60B563AC4}.Release|Any CPU.Build.0 = Release|Any CPU
		{543B9208-BCE0-441B-9A95-F29DB8809508}.Debug|Any CPU.ActiveCfg = Debug|Any CPU
		{543B9208-BCE0-441B-9A95-F29DB8809508}.Debug|Any CPU.Build.0 = Debug|Any CPU
		{543B9208-BCE0-441B-9A95-F29DB8809508}.Release|Any CPU.ActiveCfg = Release|Any CPU
		{543B9208-BCE0-441B-9A95-F29DB8809508}.Release|Any CPU.Build.0 = Release|Any CPU
	EndGlobalSection
	GlobalSection(SolutionProperties) = preSolution
		HideSolutionNode = FALSE
	EndGlobalSection
EndGlobal
